github.com/adampresley/configinator v1.2.0 h1:Ma+unlbMpTgMpkOHlz7lf/sq6lCAm2WzDWJEIIe6v6Q=
github.com/adampresley/configinator v1.2.0/go.mod h1:QyLBdb7smhnydySp/7niGb6zWoABREd2FZyvHeqyjTM=
github.com/adampresley/httphelpers v1.0.0 h1:igP8sN01ZyK8yGvxYIc5OI2OiGud2AbKmRpyr4uDY9g=
github.com/adampresley/httphelpers v1.0.0/go.mod h1:sCsGVR/0Bdpniz6XEFSIJ/LHS3tgVLr+bm7b7NnpNAM=
github.com/adampresley/mux v1.1.0 h1:e2djI9iutLXMkLwQunlev+DPbQ9dFuo5pPcwHmgwQSk=
github.com/adampresley/mux v1.1.0/go.mod h1:6tEN2tqstdjehwTMFO6wETNXyaFTbrfu0fyg0FeCfBk=
github.com/adampresley/rendering v1.0.0 h1:00y1jQSkS8kII9Pyrkz02OYRoW9SZYanCZPtvhrfEB4=
github.com/adampresley/rendering v1.0.0/go.mod h1:+M8aNRgIEibWYOA2lDAWsJ9zWhOoWgT7d+w86FJ/3mc=
github.com/rs/cors v1.11.1 h1:eU3gRzXLRK57F5rKMGMZURNdIG4EoAmX8k94r9wXWHA=
github.com/rs/cors v1.11.1/go.mod h1:XyqrcTp5zjWr1wsJ8PIRZssZ8b/WMcMf71DJnit4EMU=
golang.org/x/crypto v0.51.0 h1:IBPXwPfKxY7cWQZ38ZCIRPI50YLeevDLlLnyC5wRGTI=
golang.org/x/crypto v0.51.0/go.mod h1:8AdwkbraGNABw2kOX6YFPs3WM22XqI4EXEd8g+x7Oc8=
golang.org/x/net v0.54.0 h1:2zJIZAxAHV/OHCDTCOHAYehQzLfSXuf/5SoL/Dv6w/w=
golang.org/x/net v0.54.0/go.mod h1:Sj4oj8jK6XmHpBZU/zWHw3BV3abl4Kvi+Ut7cQcY+cQ=
golang.org/x/text v0.37.0 h1:Cqjiwd9eSg8e0QAkyCaQTNHFIIzWtidPahFWR83rTrc=
golang.org/x/text v0.37.0/go.mod h1:a5sjxXGs9hsn/AJVwuElvCAo9v8QYLzvavO5z2PiM38=
