github.com/adampresley/configinator v1.2.0 h1:Ma+unlbMpTgMpkOHlz7lf/sq6lCAm2WzDWJEIIe6v6Q=
github.com/adampresley/configinator v1.2.0/go.mod h1:QyLBdb7smhnydySp/7niGb6zWoABREd2FZyvHeqyjTM=
github.com/adampresley/httphelpers v1.0.0 h1:igP8sN01ZyK8yGvxYIc5OI2OiGud2AbKmRpyr4uDY9g=
github.com/adampresley/httphelpers v1.0.0/go.mod h1:sCsGVR/0Bdpniz6XEFSIJ/LHS3tgVLr+bm7b7NnpNAM=
github.com/adampresley/mux v1.0.0 h1:eXUiOafEsMqkUKvO9+DH9FVYJM5Kiqri7LfIHAsNi1g=
github.com/adampresley/mux v1.0.0/go.mod h1:6tEN2tqstdjehwTMFO6wETNXyaFTbrfu0fyg0FeCfBk=
github.com/adampresley/rendering v1.0.0 h1:00y1jQSkS8kII9Pyrkz02OYRoW9SZYanCZPtvhrfEB4=
github.com/adampresley/rendering v1.0.0/go.mod h1:+M8aNRgIEibWYOA2lDAWsJ9zWhOoWgT7d+w86FJ/3mc=
github.com/rs/cors v1.11.1 h1:eU3gRzXLRK57F5rKMGMZURNdIG4EoAmX8k94r9wXWHA=
github.com/rs/cors v1.11.1/go.mod h1:XyqrcTp5zjWr1wsJ8PIRZssZ8b/WMcMf71DJnit4EMU=
golang.org/x/crypto v0.46.0 h1:cKRW/pmt1pKAfetfu+RCEvjvZkA9RimPbh7bhFjGVBU=
golang.org/x/crypto v0.46.0/go.mod h1:Evb/oLKmMraqjZ2iQTwDwvCtJkczlDuTmdJXoZVzqU0=
golang.org/x/net v0.47.0 h1:Mx+4dIFzqraBXUugkia1OOvlD6LemFo1ALMHjrXDOhY=
golang.org/x/net v0.47.0/go.mod h1:/jNxtkgq5yWUGYkaZGqo27cfGZ1c5Nen03aYrrKpVRU=
golang.org/x/text v0.32.0 h1:ZD01bjUt1FQ9WJ0ClOL5vxgxOI/sVCNgX1YtKwcY0mU=
golang.org/x/text v0.32.0/go.mod h1:o/rUWzghvpD5TXrTIBuJU77MTaN0ljMWE47kxGJQ7jY=
